
Microsoft Visual Studio Solution File, Format Version 12.00
# Visual Studio Version 17
VisualStudioVersion = 17.6.33723.286
MinimumVisualStudioVersion = 10.0.40219.1
Project("{FAE04EC0-301F-11D3-BF4B-00C04F79EFBC}") = "School Management System", "School Management System\School Management System.csproj", "{CF6C470A-C36B-4924-A69C-0D0EA71E191F}"
EndProject
Global
	GlobalSection(SolutionConfigurationPlatforms) = preSolution
		Debug|Any CPU = Debug|Any CPU
		Release|Any CPU = Release|Any CPU
	EndGlobalSection
	GlobalSection(ProjectConfigurationPlatforms) = postSolution
		{CF6C470A-C36B-4924-A69C-0D0EA71E191F}.Debug|Any CPU.ActiveCfg = Debug|Any CPU
		{CF6C470A-C36B-4924-A69C-0D0EA71E191F}.Debug|Any CPU.Build.0 = Debug|Any CPU
		{CF6C470A-C36B-4924-A69C-0D0EA71E191F}.Release|Any CPU.ActiveCfg = Release|Any CPU
		{CF6C470A-C36B-4924-A69C-0D0EA71E191F}.Release|Any CPU.Build.0 = Release|Any CPU
	EndGlobalSection
	GlobalSection(SolutionProperties) = preSolution
		HideSolutionNode = FALSE
	EndGlobalSection
	GlobalSection(ExtensibilityGlobals) = postSolution
		SolutionGuid = {6F81AFDB-BB3A-41A6-9C0B-6D0457DB1EFA}
	EndGlobalSection
EndGlobal
